
Microsoft Visual Studio Solution File, Format Version 12.00
Project("{2150E333-8FDC-42A3-9474-1A3956D46DE8}") = "Services", "Services", "{DE2A4FFB-A88C-4461-BEF0-8BA061B3BF89}"
EndProject
Project("{2150E333-8FDC-42A3-9474-1A3956D46DE8}") = "Catalog", "Catalog", "{B04C431D-E256-47C8-9C4D-C0D8009D6329}"
EndProject
Project("{FAE04EC0-301F-11D3-BF4B-00C04F79EFBC}") = "Catalog.API", "Catalog\Catalog.API\Catalog.API.csproj", "{3A526CA4-A4C2-4C79-93CB-D102A9C4B700}"
EndProject
Project("{2150E333-8FDC-42A3-9474-1A3956D46DE8}") = "BuildingBlocks", "BuildingBlocks", "{C92147F4-3A0B-4E6C-B695-0D5E2C64A11C}"
EndProject
Project("{FAE04EC0-301F-11D3-BF4B-00C04F79EFBC}") = "BuildingBlocks", "BuildingBlocks\BuildingBlocks\BuildingBlocks.csproj", "{ED46C6E9-BFCC-4401-B516-8829CE2815C1}"
EndProject
Project("{E53339B2-1760-4266-BCC7-CA923CBCF16C}") = "docker-compose", "docker-compose.dcproj", "{6DCBEC70-4866-4297-9AD0-73928CCFA987}"
EndProject
Project("{2150E333-8FDC-42A3-9474-1A3956D46DE8}") = "Basket", "Basket", "{1C268085-5B4A-46BA-8900-CF7EB7134485}"
EndProject
Project("{FAE04EC0-301F-11D3-BF4B-00C04F79EFBC}") = "Basket.API", "Basket\Basket.API\Basket.API.csproj", "{4A5784E7-9F32-43D0-8F86-2BAC6E1AC36E}"
EndProject
Project("{2150E333-8FDC-42A3-9474-1A3956D46DE8}") = "Discount", "Discount", "{8D397D2E-70D4-41B6-9A79-6607EA78E4D6}"
EndProject
Project("{FAE04EC0-301F-11D3-BF4B-00C04F79EFBC}") = "Discount.Grpc", "Discount\Discount.Grpc\Discount.Grpc.csproj", "{FB0B23F3-8597-45F7-9882-593CC1EC4DF2}"
EndProject
Project("{2150E333-8FDC-42A3-9474-1A3956D46DE8}") = "Ordering", "Ordering", "{8E3FA62B-E60D-49E8-8E84-E1CC0EA1E349}"
EndProject
Project("{FAE04EC0-301F-11D3-BF4B-00C04F79EFBC}") = "Ordering.API", "Ordering\Ordering.API\Ordering.API.csproj", "{A83C14FB-1F13-4E9E-8F00-F6438429E609}"
EndProject
Global
	GlobalSection(SolutionConfigurationPlatforms) = preSolution
		Debug|Any CPU = Debug|Any CPU
		Release|Any CPU = Release|Any CPU
	EndGlobalSection
	GlobalSection(NestedProjects) = preSolution
		{B04C431D-E256-47C8-9C4D-C0D8009D6329} = {DE2A4FFB-A88C-4461-BEF0-8BA061B3BF89}
		{3A526CA4-A4C2-4C79-93CB-D102A9C4B700} = {B04C431D-E256-47C8-9C4D-C0D8009D6329}
		{ED46C6E9-BFCC-4401-B516-8829CE2815C1} = {C92147F4-3A0B-4E6C-B695-0D5E2C64A11C}
		{1C268085-5B4A-46BA-8900-CF7EB7134485} = {DE2A4FFB-A88C-4461-BEF0-8BA061B3BF89}
		{4A5784E7-9F32-43D0-8F86-2BAC6E1AC36E} = {1C268085-5B4A-46BA-8900-CF7EB7134485}
		{8D397D2E-70D4-41B6-9A79-6607EA78E4D6} = {DE2A4FFB-A88C-4461-BEF0-8BA061B3BF89}
		{FB0B23F3-8597-45F7-9882-593CC1EC4DF2} = {8D397D2E-70D4-41B6-9A79-6607EA78E4D6}
		{8E3FA62B-E60D-49E8-8E84-E1CC0EA1E349} = {DE2A4FFB-A88C-4461-BEF0-8BA061B3BF89}
		{A83C14FB-1F13-4E9E-8F00-F6438429E609} = {8E3FA62B-E60D-49E8-8E84-E1CC0EA1E349}
	EndGlobalSection
	GlobalSection(ProjectConfigurationPlatforms) = postSolution
		{3A526CA4-A4C2-4C79-93CB-D102A9C4B700}.Debug|Any CPU.ActiveCfg = Debug|Any CPU
		{3A526CA4-A4C2-4C79-93CB-D102A9C4B700}.Debug|Any CPU.Build.0 = Debug|Any CPU
		{3A526CA4-A4C2-4C79-93CB-D102A9C4B700}.Release|Any CPU.ActiveCfg = Release|Any CPU
		{3A526CA4-A4C2-4C79-93CB-D102A9C4B700}.Release|Any CPU.Build.0 = Release|Any CPU
		{ED46C6E9-BFCC-4401-B516-8829CE2815C1}.Debug|Any CPU.ActiveCfg = Debug|Any CPU
		{ED46C6E9-BFCC-4401-B516-8829CE2815C1}.Debug|Any CPU.Build.0 = Debug|Any CPU
		{ED46C6E9-BFCC-4401-B516-8829CE2815C1}.Release|Any CPU.ActiveCfg = Release|Any CPU
		{ED46C6E9-BFCC-4401-B516-8829CE2815C1}.Release|Any CPU.Build.0 = Release|Any CPU
		{6DCBEC70-4866-4297-9AD0-73928CCFA987}.Debug|Any CPU.ActiveCfg = Debug|Any CPU
		{6DCBEC70-4866-4297-9AD0-73928CCFA987}.Debug|Any CPU.Build.0 = Debug|Any CPU
		{6DCBEC70-4866-4297-9AD0-73928CCFA987}.Release|Any CPU.ActiveCfg = Debug|Any CPU
		{6DCBEC70-4866-4297-9AD0-73928CCFA987}.Release|Any CPU.Build.0 = Debug|Any CPU
		{4A5784E7-9F32-43D0-8F86-2BAC6E1AC36E}.Debug|Any CPU.ActiveCfg = Debug|Any CPU
		{4A5784E7-9F32-43D0-8F86-2BAC6E1AC36E}.Debug|Any CPU.Build.0 = Debug|Any CPU
		{4A5784E7-9F32-43D0-8F86-2BAC6E1AC36E}.Release|Any CPU.ActiveCfg = Release|Any CPU
		{4A5784E7-9F32-43D0-8F86-2BAC6E1AC36E}.Release|Any CPU.Build.0 = Release|Any CPU
		{FB0B23F3-8597-45F7-9882-593CC1EC4DF2}.Debug|Any CPU.ActiveCfg = Debug|Any CPU
		{FB0B23F3-8597-45F7-9882-593CC1EC4DF2}.Debug|Any CPU.Build.0 = Debug|Any CPU
		{FB0B23F3-8597-45F7-9882-593CC1EC4DF2}.Release|Any CPU.ActiveCfg = Release|Any CPU
		{FB0B23F3-8597-45F7-9882-593CC1EC4DF2}.Release|Any CPU.Build.0 = Release|Any CPU
		{A83C14FB-1F13-4E9E-8F00-F6438429E609}.Debug|Any CPU.ActiveCfg = Debug|Any CPU
		{A83C14FB-1F13-4E9E-8F00-F6438429E609}.Debug|Any CPU.Build.0 = Debug|Any CPU
		{A83C14FB-1F13-4E9E-8F00-F6438429E609}.Release|Any CPU.ActiveCfg = Release|Any CPU
		{A83C14FB-1F13-4E9E-8F00-F6438429E609}.Release|Any CPU.Build.0 = Release|Any CPU
	EndGlobalSection
EndGlobal
