
Microsoft Visual Studio Solution File, Format Version 12.00
Project("{2150E333-8FDC-42A3-9474-1A3956D46DE8}") = "Services", "Services", "{DE2A4FFB-A88C-4461-BEF0-8BA061B3BF89}"
EndProject
Project("{2150E333-8FDC-42A3-9474-1A3956D46DE8}") = "Catalog", "Catalog", "{B04C431D-E256-47C8-9C4D-C0D8009D6329}"
EndProject
Project("{FAE04EC0-301F-11D3-BF4B-00C04F79EFBC}") = "Catalog.API", "Catalog\Catalog.API\Catalog.API.csproj", "{3A526CA4-A4C2-4C79-93CB-D102A9C4B700}"
EndProject
Global
	GlobalSection(SolutionConfigurationPlatforms) = preSolution
		Debug|Any CPU = Debug|Any CPU
		Release|Any CPU = Release|Any CPU
	EndGlobalSection
	GlobalSection(NestedProjects) = preSolution
		{B04C431D-E256-47C8-9C4D-C0D8009D6329} = {DE2A4FFB-A88C-4461-BEF0-8BA061B3BF89}
		{3A526CA4-A4C2-4C79-93CB-D102A9C4B700} = {B04C431D-E256-47C8-9C4D-C0D8009D6329}
	EndGlobalSection
	GlobalSection(ProjectConfigurationPlatforms) = postSolution
		{3A526CA4-A4C2-4C79-93CB-D102A9C4B700}.Debug|Any CPU.ActiveCfg = Debug|Any CPU
		{3A526CA4-A4C2-4C79-93CB-D102A9C4B700}.Debug|Any CPU.Build.0 = Debug|Any CPU
		{3A526CA4-A4C2-4C79-93CB-D102A9C4B700}.Release|Any CPU.ActiveCfg = Release|Any CPU
		{3A526CA4-A4C2-4C79-93CB-D102A9C4B700}.Release|Any CPU.Build.0 = Release|Any CPU
	EndGlobalSection
EndGlobal
